
Microsoft Visual Studio Solution File, Format Version 12.00
Project("{FAE04EC0-301F-11D3-BF4B-00C04F79EFBC}") = "CS_pattern_matching_example", "CS_pattern_matching_example\CS_pattern_matching_example.csproj", "{ADD9F83A-62F0-47C7-9688-3933E2C21201}"
EndProject
Global
	GlobalSection(SolutionConfigurationPlatforms) = preSolution
		Debug|Any CPU = Debug|Any CPU
		Release|Any CPU = Release|Any CPU
	EndGlobalSection
	GlobalSection(ProjectConfigurationPlatforms) = postSolution
		{ADD9F83A-62F0-47C7-9688-3933E2C21201}.Debug|Any CPU.ActiveCfg = Debug|Any CPU
		{ADD9F83A-62F0-47C7-9688-3933E2C21201}.Debug|Any CPU.Build.0 = Debug|Any CPU
		{ADD9F83A-62F0-47C7-9688-3933E2C21201}.Release|Any CPU.ActiveCfg = Release|Any CPU
		{ADD9F83A-62F0-47C7-9688-3933E2C21201}.Release|Any CPU.Build.0 = Release|Any CPU
	EndGlobalSection
EndGlobal
